{
  "version": 4,
  "terraform_version": "1.14.3",
  "serial": 16,
  "lineage": "017d5ac8-a6d7-8bb0-6ece-a6e98d0d0c64",
  "outputs": {
    "ecs_cluster_name": {
      "value": "CS6650HW6P2-cluster",
      "type": "string"
    },
    "ecs_service_name": {
      "value": "CS6650HW6P2",
      "type": "string"
    }
  },
  "resources": [
    {
      "mode": "data",
      "type": "aws_ecr_authorization_token",
      "name": "registry",
      "provider": "provider[\"registry.terraform.io/hashicorp/aws\"]",
      "instances": [
        {
          "schema_version": 0,
          "attributes": {
            "authorization_token": "QVdTOmV5SndZWGxzYjJGa0lqb2lURFp4WVhKaVoxQjNhM2h0TVVWM2JraHJXSE5RTldwdllUWndkbTl3U20xYWNDOTRTMVpYZWt4R1NrTlVSMHhtV0dWelRIVXpTMDU2YmxodlRYRnRjbkpsUjJsV2FrTXJMMmRCVEVKWWNFcERMM2Q0ZDNRMVRWVmpjMlJwUWxKTlNXb3dZbVJpVjNJMU9XcE5OWGxoWTFKMFRrSlBaSFpVTkM5SUwxTjVkbWxIZFRCUGFHMUtLekJ2VjJWU2QzTjBZVXRpZVhoSk56RXZNMWd4UTJOaGNubDZXWE5CUms1dGVHUkJkV2RRZGxGSU5XMVFWMFpTWTJZeFZVWkxiemRMUzJOdFptaFJSMEZ6YWxWeGVqVmpVVUZ0UW5OMmFYTkpkR1o1U2xGQlRtd3JSR2t5T0VsQ1JWWnpPVXh0YkVkUlJFMUlNSEk0TW1kd1dtb3lTa1kzZDNwcVNWRmhaekZYTTJaMVMxUkJjM2xsWjFkdVNtVlVXbkV2Um5OMWR6RnVjamhwZW1WTU1GZzNkazUwVFVKS2NITm9kMGxvWldKS2RHdG1SRkJTWnpRMWQzZE5Xa2wzYTFkR01rSXlWVXRwY0d0WlNHd3liV3hoWTFWT09HdE1kaTgxZERaUFYxaHhlR1J4WWtZMEx5czRiamxET1ZwcldESXdlR2xqVDFCVkt5dHpLM1l2WTJKTE1FTlJVVkpuVFVSa1FsaHJWa3BXUjJrM1lXbHZTRlozWTNoUE5EUmxNRmsxU0hBdldFOVlUMk5pZFdwTlFYQjFaRFV4Y1UxM01FdGFZMEY2WjJzM2FWSjRka3gwYTBORWQwaENZblEwY3l0aFVXZEljRUYyY0VwYWNESkVaMlpCV21scFV6ZG5XakEwUmxGbWVFVlNjak5oYTFWb1JEWnZXVGhuUlhCcU5WSmliemN6VjNsdUx6aEpUemh0TUhoWE1rUlZOR1ZGVTFjNVpIUjNjMDRyUlZGdFlVOHlSSHBtTjFSbFNtb3ZRWHBJVld4WlIya3pjMDFHVDNNd2FFb3dSWGRLUzFBck5WaG1UVzFDYVdkd1NXcEZWRmhQZW1SR2VYVkRia0l2WXpWeVpVUnNPVFZVT0d0VmFIY3ZVaTlpVEZCdFlrMDFaVFpaUTFKWFNYWTRSbTFIUkZBMWVpc3ZkRGt2Y25CcWFtSkVNeXRMYmxwUE0yWk1VR3BEZEhad2NtOU9aVU5qWm5SSFNtTkpNRE0zTmxWb1dFZFZiSEUwV2twU2JYQkZLMEZ3UmxCWkwyZHVSSGRaVTNvMWNuUk5hV3hwU0VSRlowRm5SMmxoTDBoeU1XTldPRlpsYUZjclEwNWxlbVJqTkhKeGVHaEtZM2xIUmtacVRGQTVTRmx2WnpreVNGUldjbVpxYzNwSlpteDROamxVVjI1UE9GaHRXa3QxYkdOWlIwRlFiamxCTUZGQk4yWlpZWGR5Wnl0cWRTdDFOMjlHZW05SlVUbFdOV3BpU0RCdGJVMXlTMDR6UkdOelFVTkhSamR0WVN0ekwyZEpTR1pQT1d4bU9ERXZUbFEyUVU5WmVrMWxjM0YwVTJZek1uSk9RWFZRVmtKNVowSk5lbFpYUWpOTU9ERmFObXBsT1RkS2R6VmpSRUpsWVZwcFdUSTVaMWhLV1hOTFdITTBaVTgzUkRSdGIzRmhRWFVyVkN0SVIwZEZkM1p5YkV0NEt6Um5Tek5vWW1oUGFtOUhXVzF6U21aa1drdEdRVk5LUjFSWlNsaENkV1pUYzFSUFNGZGhSVE5rVG5aNFdFMDNkMlpxZVZsVE5rbG5Sbkl6VURCb09GRnNXVU5tVG1sTldsQklhVmhqY2paVWIyTkNSbmRWWjFGV1lqaHlVV0p1TmpKSVEzTk5XVTVHT0VaWmRIUTBXSEV6WjBvMmVHOXpkbkZ0WTJabllVbzBaVXBTVUV3MWJtaHdhalpKV0c0eWEydzFORVl3UzAwMk9USnNSMGxQWkZCSmFVVmFNeTlPZVVkVE0xTkllblozWVc5Q09URkxXVzR5VG1SaFFqVnZTSE5IWW1SMWRYTlBWR2d3UWpocFF6azNUVkZJVERoNmNVRnJWVGhzTTI1a1FVUmlTek5qWlVkVFMzQnFPSGhyTlM4d1pWTXpZWFpRU0RoSlNuRlVlbE5uWW5nMlJpdE9TVVpYWTBkYWRsQktVU3RTU0V3dmRWY3JkbkEzYVVkVFNYaGtRMjlSVm1oMk9VOXdSMVYzTUZRdmFIUmtXRkZEYXpBMVdtaHZOVEZTYWpCVGVFaHZQU0lzSW1SaGRHRnJaWGtpT2lKQlVVVkNRVWhxTm14ak5GaEpTbmN2TjJ4dU1FaGpNREJFVFdWck5rZEZlRWhEWWxrMFVrbHdWRTFEU1RVNFNXNVZkMEZCUVVnMGQyWkJXVXBMYjFwSmFIWmpUa0ZSWTBkdlJ6aDNZbEZKUWtGRVFtOUNaMnR4YUd0cFJ6bDNNRUpDZDBWM1NHZFpTbGxKV2tsQlYxVkVRa0ZGZFUxQ1JVVkVTelp4Y3pWbFEwNTJjazA0UVc1YVZtZEpRa1ZKUVRjemFFZFhMMDEwZG1jMU9IQTVUV3MxYm5wcGVXd3laREp5UXk5Q1kxZEdiakpDV1ZRek5YcE5OWGczYVU5dE9FbDVRMlZCVlhoWk5rczFiSGxXYUZsNVprTjRhbGRNY0hkcWRrUlljamxCUFNJc0luWmxjbk5wYjI0aU9pSXlJaXdpZEhsd1pTSTZJa1JCVkVGZlMwVlpJaXdpWlhod2FYSmhkR2x2YmlJNk1UYzNNVGt6TlRVMk9YMD0=",
            "expires_at": "2026-02-24T12:19:29Z",
            "id": "us-west-2",
            "password": "eyJwYXlsb2FkIjoiTDZxYXJiZ1B3a3htMUV3bkhrWHNQNWpvYTZwdm9wSm1acC94S1ZXekxGSkNUR0xmWGVzTHUzS056blhvTXFtcnJlR2lWakMrL2dBTEJYcEpDL3d4d3Q1TVVjc2RpQlJNSWowYmRiV3I1OWpNNXlhY1J0TkJPZHZUNC9IL1N5dmlHdTBPaG1KKzBvV2VSd3N0YUtieXhJNzEvM1gxQ2Nhcnl6WXNBRk5teGRBdWdQdlFINW1QV0ZSY2YxVUZLbzdLS2NtZmhRR0FzalVxejVjUUFtQnN2aXNJdGZ5SlFBTmwrRGkyOElCRVZzOUxtbEdRRE1IMHI4MmdwWmoySkY3d3pqSVFhZzFXM2Z1S1RBc3llZ1duSmVUWnEvRnN1dzFucjhpemVMMFg3dk50TUJKcHNod0loZWJKdGtmRFBSZzQ1d3dNWkl3a1dGMkIyVUtpcGtZSGwybWxhY1VOOGtMdi81dDZPV1hxeGRxYkY0Lys4bjlDOVprWDIweGljT1BVKytzK3YvY2JLMENRUVJnTURkQlhrVkpWR2k3YWlvSFZ3Y3hPNDRlMFk1SHAvWE9YT2NidWpNQXB1ZDUxcU13MEtaY0F6Z2s3aVJ4dkx0a0NEd0hCYnQ0cythUWdIcEF2cEpacDJEZ2ZBWmlpUzdnWjA0RlFmeEVScjNha1VoRDZvWThnRXBqNVJibzczV3luLzhJTzhtMHhXMkRVNGVFU1c5ZHR3c04rRVFtYU8yRHpmN1RlSmovQXpIVWxZR2kzc01GT3MwaEowRXdKS1ArNVhmTW1CaWdwSWpFVFhPemRGeXVDbkIvYzVyZURsOTVUOGtVaHcvUi9iTFBtYk01ZTZZQ1JXSXY4Rm1HRFA1eisvdDkvcnBqamJEMytLblpPM2ZMUGpDdHZwcm9OZUNjZnRHSmNJMDM3NlVoWEdVbHE0WkpSbXBFK0FwRlBZL2duRHdZU3o1cnRNaWxpSERFZ0FnR2lhL0hyMWNWOFZlaFcrQ05lemRjNHJxeGhKY3lHRkZqTFA5SFlvZzkySFRWcmZqc3pJZmx4NjlUV25POFhtWkt1bGNZR0FQbjlBMFFBN2ZZYXdyZytqdSt1N29Gem9JUTlWNWpiSDBtbU1yS04zRGNzQUNHRjdtYStzL2dJSGZPOWxmODEvTlQ2QU9Zek1lc3F0U2YzMnJOQXVQVkJ5Z0JNelZXQjNMODFaNmplOTdKdzVjREJlYVppWTI5Z1hKWXNLWHM0ZU83RDRtb3FhQXUrVCtIR0dFd3ZybEt4KzRnSzNoYmhPam9HWW1zSmZkWktGQVNKR1RZSlhCdWZTc1RPSFdhRTNkTnZ4WE03d2ZqeVlTNklnRnIzUDBoOFFsWUNmTmlNWlBIaVhjcjZUb2NCRndVZ1FWYjhyUWJuNjJIQ3NNWU5GOEZZdHQ0WHEzZ0o2eG9zdnFtY2ZnYUo0ZUpSUEw1bmhwajZJWG4ya2w1NEYwS002OTJsR0lPZFBJaUVaMy9OeUdTM1NIenZ3YW9COTFLWW4yTmRhQjVvSHNHYmR1dXNPVGgwQjhpQzk3TVFITDh6cUFrVThsM25kQURiSzNjZUdTS3BqOHhrNS8wZVMzYXZQSDhJSnFUelNnYng2RitOSUZXY0dadlBKUStSSEwvdVcrdnA3aUdTSXhkQ29RVmh2OU9wR1V3MFQvaHRkWFFDazA1WmhvNTFSajBTeEhvPSIsImRhdGFrZXkiOiJBUUVCQUhqNmxjNFhJSncvN2xuMEhjMDBETWVrNkdFeEhDYlk0UklwVE1DSTU4SW5Vd0FBQUg0d2ZBWUpLb1pJaHZjTkFRY0dvRzh3YlFJQkFEQm9CZ2txaGtpRzl3MEJCd0V3SGdZSllJWklBV1VEQkFFdU1CRUVESzZxczVlQ052ck04QW5aVmdJQkVJQTczaEdXL010dmc1OHA5TWs1bnppeWwyZDJyQy9CY1dGbjJCWVQzNXpNNXg3aU9tOEl5Q2VBVXhZNks1bHlWaFl5ZkN4aldMcHdqdkRYcjlBPSIsInZlcnNpb24iOiIyIiwidHlwZSI6IkRBVEFfS0VZIiwiZXhwaXJhdGlvbiI6MTc3MTkzNTU2OX0=",
            "proxy_endpoint": "https://404133913564.dkr.ecr.us-west-2.amazonaws.com",
            "region": "us-west-2",
            "registry_id": null,
            "user_name": "AWS"
          },
          "sensitive_attributes": [
            [
              {
                "type": "get_attr",
                "value": "authorization_token"
              }
            ],
            [
              {
                "type": "get_attr",
                "value": "password"
              }
            ]
          ],
          "identity_schema_version": 0
        }
      ]
    },
    {
      "mode": "data",
      "type": "aws_iam_role",
      "name": "lab_role",
      "provider": "provider[\"registry.terraform.io/hashicorp/aws\"]",
      "instances": [
        {
          "schema_version": 0,
          "attributes": {
            "arn": "arn:aws:iam::404133913564:role/LabRole",
            "assume_role_policy": "{\"Version\":\"2012-10-17\",\"Statement\":[{\"Effect\":\"Allow\",\"Principal\":{\"Service\":[\"firehose.amazonaws.com\",\"cognito-idp.amazonaws.com\",\"backup.amazonaws.com\",\"eks-fargate-pods.amazonaws.com\",\"pipes.amazonaws.com\",\"autoscaling.amazonaws.com\",\"apigateway.amazonaws.com\",\"sagemaker.amazonaws.com\",\"rds.amazonaws.com\",\"resource-groups.amazonaws.com\",\"servicecatalog.amazonaws.com\",\"deepracer.amazonaws.com\",\"kinesisanalytics.amazonaws.com\",\"forecast.amazonaws.com\",\"elasticmapreduce.amazonaws.com\",\"elasticbeanstalk.amazonaws.com\",\"ecs-tasks.amazonaws.com\",\"codecommit.amazonaws.com\",\"events.amazonaws.com\",\"batch.amazonaws.com\",\"scheduler.amazonaws.com\",\"states.amazonaws.com\",\"logs.amazonaws.com\",\"credentials.iot.amazonaws.com\",\"cloud9.amazonaws.com\",\"eks.amazonaws.com\",\"codewhisperer.amazonaws.com\",\"iotevents.amazonaws.com\",\"cloudtrail.amazonaws.com\",\"iot.amazonaws.com\",\"lambda.amazonaws.com\",\"athena.amazonaws.com\",\"ec2.amazonaws.com\",\"glue.amazonaws.com\",\"ssm.amazonaws.com\",\"dynamodb.amazonaws.com\",\"databrew.amazonaws.com\",\"rekognition.amazonaws.com\",\"kms.amazonaws.com\",\"sqs.amazonaws.com\",\"secretsmanager.amazonaws.com\",\"iotanalytics.amazonaws.com\",\"kinesis.amazonaws.com\",\"elasticfilesystem.amazonaws.com\",\"codedeploy.amazonaws.com\",\"ec2.application-autoscaling.amazonaws.com\",\"cloudformation.amazonaws.com\",\"sns.amazonaws.com\",\"s3.amazonaws.com\",\"application-autoscaling.amazonaws.com\",\"redshift.amazonaws.com\",\"elasticloadbalancing.amazonaws.com\",\"ecs.amazonaws.com\"],\"AWS\":\"arn:aws:iam::404133913564:role/LabRole\"},\"Action\":\"sts:AssumeRole\"}]}",
            "create_date": "2026-01-17T02:51:12Z",
            "description": "",
            "id": "LabRole",
            "max_session_duration": 3600,
            "name": "LabRole",
            "path": "/",
            "permissions_boundary": "",
            "role_last_used": [
              {
                "last_used_date": "2026-02-23T23:48:43Z",
                "region": "us-west-2"
              }
            ],
            "tags": {
              "cloudlab": "c195402a5014886l13502299t1w404133913564"
            },
            "unique_id": "AROAV4GCCEPOFJMJRVA4E"
          },
          "sensitive_attributes": [],
          "identity_schema_version": 0
        }
      ]
    },
    {
      "mode": "managed",
      "type": "docker_image",
      "name": "app",
      "provider": "provider[\"registry.terraform.io/kreuzwerker/docker\"]",
      "instances": [
        {
          "schema_version": 0,
          "attributes": {
            "build": [
              {
                "auth_config": [],
                "build_args": {},
                "build_id": "",
                "build_log_file": "",
                "builder": "",
                "cache_from": [],
                "cgroup_parent": "",
                "context": "../src",
                "cpu_period": 0,
                "cpu_quota": 0,
                "cpu_set_cpus": "",
                "cpu_set_mems": "",
                "cpu_shares": 0,
                "dockerfile": "Dockerfile",
                "extra_hosts": [],
                "force_remove": false,
                "isolation": "",
                "label": {},
                "labels": {},
                "memory": 0,
                "memory_swap": 0,
                "network_mode": "",
                "no_cache": false,
                "platform": "linux/amd64",
                "pull_parent": false,
                "remote_context": "",
                "remove": true,
                "secrets": [],
                "security_opt": [],
                "session_id": "",
                "shm_size": 0,
                "squash": false,
                "suppress_output": false,
                "tag": [],
                "target": "",
                "ulimit": [],
                "version": ""
              }
            ],
            "force_remove": null,
            "id": "sha256:3380ba8614ac71226a1eea6c0462db76ed73e72433120863ccd9728eed8b05b0404133913564.dkr.ecr.us-west-2.amazonaws.com/ecr-hw6-search:latest",
            "image_id": "sha256:3380ba8614ac71226a1eea6c0462db76ed73e72433120863ccd9728eed8b05b0",
            "keep_locally": null,
            "name": "404133913564.dkr.ecr.us-west-2.amazonaws.com/ecr-hw6-search:latest",
            "platform": null,
            "pull_triggers": null,
            "repo_digest": "404133913564.dkr.ecr.us-west-2.amazonaws.com/ecr-hw6-search@sha256:3380ba8614ac71226a1eea6c0462db76ed73e72433120863ccd9728eed8b05b0",
            "timeouts": null,
            "triggers": null
          },
          "sensitive_attributes": [],
          "identity_schema_version": 0,
          "private": "eyJlMmJmYjczMC1lY2FhLTExZTYtOGY4OC0zNDM2M2JjN2M0YzAiOnsiY3JlYXRlIjoxMjAwMDAwMDAwMDAwLCJkZWxldGUiOjEyMDAwMDAwMDAwMDAsInVwZGF0ZSI6MTIwMDAwMDAwMDAwMH19",
          "dependencies": [
            "data.aws_ecr_authorization_token.registry",
            "module.ecr.aws_ecr_repository.this"
          ]
        }
      ]
    },
    {
      "mode": "managed",
      "type": "docker_registry_image",
      "name": "app",
      "provider": "provider[\"registry.terraform.io/kreuzwerker/docker\"]",
      "instances": [
        {
          "schema_version": 0,
          "attributes": {
            "auth_config": [],
            "id": "sha256:3380ba8614ac71226a1eea6c0462db76ed73e72433120863ccd9728eed8b05b0",
            "insecure_skip_verify": false,
            "keep_remotely": false,
            "name": "404133913564.dkr.ecr.us-west-2.amazonaws.com/ecr-hw6-search:latest",
            "sha256_digest": "sha256:3380ba8614ac71226a1eea6c0462db76ed73e72433120863ccd9728eed8b05b0",
            "triggers": null
          },
          "sensitive_attributes": [],
          "identity_schema_version": 0,
          "private": "bnVsbA==",
          "dependencies": [
            "data.aws_ecr_authorization_token.registry",
            "docker_image.app",
            "module.ecr.aws_ecr_repository.this"
          ]
        }
      ]
    },
    {
      "module": "module.ecr",
      "mode": "managed",
      "type": "aws_ecr_repository",
      "name": "this",
      "provider": "provider[\"registry.terraform.io/hashicorp/aws\"]",
      "instances": [
        {
          "schema_version": 0,
          "attributes": {
            "arn": "arn:aws:ecr:us-west-2:404133913564:repository/ecr-hw6-search",
            "encryption_configuration": [
              {
                "encryption_type": "AES256",
                "kms_key": ""
              }
            ],
            "force_delete": null,
            "id": "ecr-hw6-search",
            "image_scanning_configuration": [
              {
                "scan_on_push": false
              }
            ],
            "image_tag_mutability": "MUTABLE",
            "name": "ecr-hw6-search",
            "region": "us-west-2",
            "registry_id": "404133913564",
            "repository_url": "404133913564.dkr.ecr.us-west-2.amazonaws.com/ecr-hw6-search",
            "tags": {},
            "tags_all": {},
            "timeouts": null
          },
          "sensitive_attributes": [],
          "identity_schema_version": 0,
          "private": "eyJlMmJmYjczMC1lY2FhLTExZTYtOGY4OC0zNDM2M2JjN2M0YzAiOnsiZGVsZXRlIjoxMjAwMDAwMDAwMDAwfSwic2NoZW1hX3ZlcnNpb24iOiIwIn0="
        }
      ]
    },
    {
      "module": "module.ecs",
      "mode": "managed",
      "type": "aws_ecs_cluster",
      "name": "this",
      "provider": "provider[\"registry.terraform.io/hashicorp/aws\"]",
      "instances": [
        {
          "schema_version": 0,
          "attributes": {
            "arn": "arn:aws:ecs:us-west-2:404133913564:cluster/CS6650HW6P2-cluster",
            "configuration": [],
            "id": "arn:aws:ecs:us-west-2:404133913564:cluster/CS6650HW6P2-cluster",
            "name": "CS6650HW6P2-cluster",
            "region": "us-west-2",
            "service_connect_defaults": [],
            "setting": [
              {
                "name": "containerInsights",
                "value": "disabled"
              }
            ],
            "tags": {},
            "tags_all": {}
          },
          "sensitive_attributes": [],
          "identity_schema_version": 0,
          "private": "bnVsbA=="
        }
      ]
    },
    {
      "module": "module.ecs",
      "mode": "managed",
      "type": "aws_ecs_service",
      "name": "this",
      "provider": "provider[\"registry.terraform.io/hashicorp/aws\"]",
      "instances": [
        {
          "schema_version": 1,
          "attributes": {
            "alarms": [],
            "arn": "arn:aws:ecs:us-west-2:404133913564:service/CS6650HW6P2-cluster/CS6650HW6P2",
            "availability_zone_rebalancing": "DISABLED",
            "capacity_provider_strategy": [],
            "cluster": "arn:aws:ecs:us-west-2:404133913564:cluster/CS6650HW6P2-cluster",
            "deployment_circuit_breaker": [
              {
                "enable": false,
                "rollback": false
              }
            ],
            "deployment_configuration": [],
            "deployment_controller": [
              {
                "type": "ECS"
              }
            ],
            "deployment_maximum_percent": 200,
            "deployment_minimum_healthy_percent": 100,
            "desired_count": 1,
            "enable_ecs_managed_tags": false,
            "enable_execute_command": false,
            "force_delete": null,
            "force_new_deployment": null,
            "health_check_grace_period_seconds": 0,
            "iam_role": "/aws-service-role/ecs.amazonaws.com/AWSServiceRoleForECS",
            "id": "arn:aws:ecs:us-west-2:404133913564:service/CS6650HW6P2-cluster/CS6650HW6P2",
            "launch_type": "FARGATE",
            "load_balancer": [],
            "name": "CS6650HW6P2",
            "network_configuration": [
              {
                "assign_public_ip": true,
                "security_groups": [
                  "sg-0254d6b622606dbc3"
                ],
                "subnets": [
                  "subnet-054d4eade6c4e1a9a",
                  "subnet-061e560b9f10e080a",
                  "subnet-08e10b782c96f4e06",
                  "subnet-0fa244ba0fd3183a8"
                ]
              }
            ],
            "ordered_placement_strategy": [],
            "placement_constraints": [],
            "platform_version": "LATEST",
            "propagate_tags": "NONE",
            "region": "us-west-2",
            "scheduling_strategy": "REPLICA",
            "service_connect_configuration": [],
            "service_registries": [],
            "tags": {},
            "tags_all": {},
            "task_definition": "arn:aws:ecs:us-west-2:404133913564:task-definition/CS6650HW6P2-task:2",
            "timeouts": null,
            "triggers": {},
            "volume_configuration": [],
            "vpc_lattice_configurations": [],
            "wait_for_steady_state": false
          },
          "sensitive_attributes": [],
          "identity_schema_version": 0,
          "private": "eyJlMmJmYjczMC1lY2FhLTExZTYtOGY4OC0zNDM2M2JjN2M0YzAiOnsiY3JlYXRlIjoxMjAwMDAwMDAwMDAwLCJkZWxldGUiOjEyMDAwMDAwMDAwMDAsInVwZGF0ZSI6MTIwMDAwMDAwMDAwMH0sInNjaGVtYV92ZXJzaW9uIjoiMSJ9",
          "dependencies": [
            "data.aws_iam_role.lab_role",
            "module.ecr.aws_ecr_repository.this",
            "module.ecs.aws_ecs_cluster.this",
            "module.ecs.aws_ecs_task_definition.this",
            "module.logging.aws_cloudwatch_log_group.this",
            "module.network.aws_security_group.this",
            "module.network.data.aws_subnets.default",
            "module.network.data.aws_vpc.default"
          ]
        }
      ]
    },
    {
      "module": "module.ecs",
      "mode": "managed",
      "type": "aws_ecs_task_definition",
      "name": "this",
      "provider": "provider[\"registry.terraform.io/hashicorp/aws\"]",
      "instances": [
        {
          "schema_version": 1,
          "attributes": {
            "arn": "arn:aws:ecs:us-west-2:404133913564:task-definition/CS6650HW6P2-task:2",
            "arn_without_revision": "arn:aws:ecs:us-west-2:404133913564:task-definition/CS6650HW6P2-task",
            "container_definitions": "[{\"environment\":[],\"essential\":true,\"image\":\"404133913564.dkr.ecr.us-west-2.amazonaws.com/ecr-hw6-search:latest\",\"logConfiguration\":{\"logDriver\":\"awslogs\",\"options\":{\"awslogs-region\":\"us-west-2\",\"awslogs-stream-prefix\":\"ecs\",\"awslogs-group\":\"/ecs/CS6650HW6P2\"}},\"mountPoints\":[],\"name\":\"CS6650HW6P2-container\",\"portMappings\":[{\"containerPort\":8080,\"hostPort\":8080,\"protocol\":\"tcp\"}],\"systemControls\":[],\"volumesFrom\":[]}]",
            "cpu": "256",
            "enable_fault_injection": false,
            "ephemeral_storage": [],
            "execution_role_arn": "arn:aws:iam::404133913564:role/LabRole",
            "family": "CS6650HW6P2-task",
            "id": "CS6650HW6P2-task",
            "ipc_mode": "",
            "memory": "512",
            "network_mode": "awsvpc",
            "pid_mode": "",
            "placement_constraints": [],
            "proxy_configuration": [],
            "region": "us-west-2",
            "requires_compatibilities": [
              "FARGATE"
            ],
            "revision": 2,
            "runtime_platform": [],
            "skip_destroy": false,
            "tags": {},
            "tags_all": {},
            "task_role_arn": "arn:aws:iam::404133913564:role/LabRole",
            "track_latest": false,
            "volume": []
          },
          "sensitive_attributes": [],
          "identity_schema_version": 0,
          "private": "eyJzY2hlbWFfdmVyc2lvbiI6IjEifQ==",
          "dependencies": [
            "data.aws_iam_role.lab_role",
            "module.ecr.aws_ecr_repository.this",
            "module.logging.aws_cloudwatch_log_group.this"
          ]
        }
      ]
    },
    {
      "module": "module.logging",
      "mode": "managed",
      "type": "aws_cloudwatch_log_group",
      "name": "this",
      "provider": "provider[\"registry.terraform.io/hashicorp/aws\"]",
      "instances": [
        {
          "schema_version": 0,
          "attributes": {
            "arn": "arn:aws:logs:us-west-2:404133913564:log-group:/ecs/CS6650HW6P2",
            "id": "/ecs/CS6650HW6P2",
            "kms_key_id": "",
            "log_group_class": "STANDARD",
            "name": "/ecs/CS6650HW6P2",
            "name_prefix": "",
            "region": "us-west-2",
            "retention_in_days": 7,
            "skip_destroy": false,
            "tags": {},
            "tags_all": {}
          },
          "sensitive_attributes": [],
          "identity_schema_version": 0,
          "private": "eyJzY2hlbWFfdmVyc2lvbiI6IjAifQ=="
        }
      ]
    },
    {
      "module": "module.network",
      "mode": "data",
      "type": "aws_subnets",
      "name": "default",
      "provider": "provider[\"registry.terraform.io/hashicorp/aws\"]",
      "instances": [
        {
          "schema_version": 0,
          "attributes": {
            "filter": [
              {
                "name": "vpc-id",
                "values": [
                  "vpc-01ea2a004476fd099"
                ]
              }
            ],
            "id": "us-west-2",
            "ids": [
              "subnet-054d4eade6c4e1a9a",
              "subnet-08e10b782c96f4e06",
              "subnet-0fa244ba0fd3183a8",
              "subnet-061e560b9f10e080a"
            ],
            "region": "us-west-2",
            "tags": null,
            "timeouts": null
          },
          "sensitive_attributes": [],
          "identity_schema_version": 0
        }
      ]
    },
    {
      "module": "module.network",
      "mode": "data",
      "type": "aws_vpc",
      "name": "default",
      "provider": "provider[\"registry.terraform.io/hashicorp/aws\"]",
      "instances": [
        {
          "schema_version": 0,
          "attributes": {
            "arn": "arn:aws:ec2:us-west-2:404133913564:vpc/vpc-01ea2a004476fd099",
            "cidr_block": "172.31.0.0/16",
            "cidr_block_associations": [
              {
                "association_id": "vpc-cidr-assoc-061ca8fd8f664d777",
                "cidr_block": "172.31.0.0/16",
                "state": "associated"
              }
            ],
            "default": true,
            "dhcp_options_id": "dopt-0c7d1c551d7f4c929",
            "enable_dns_hostnames": true,
            "enable_dns_support": true,
            "enable_network_address_usage_metrics": false,
            "filter": null,
            "id": "vpc-01ea2a004476fd099",
            "instance_tenancy": "default",
            "ipv6_association_id": "",
            "ipv6_cidr_block": "",
            "main_route_table_id": "rtb-02be0b697a60d3d4a",
            "owner_id": "404133913564",
            "region": "us-west-2",
            "state": null,
            "tags": {},
            "timeouts": null
          },
          "sensitive_attributes": [],
          "identity_schema_version": 0
        }
      ]
    },
    {
      "module": "module.network",
      "mode": "managed",
      "type": "aws_security_group",
      "name": "this",
      "provider": "provider[\"registry.terraform.io/hashicorp/aws\"]",
      "instances": [
        {
          "schema_version": 1,
          "attributes": {
            "arn": "arn:aws:ec2:us-west-2:404133913564:security-group/sg-0254d6b622606dbc3",
            "description": "Allow inbound on 8080",
            "egress": [
              {
                "cidr_blocks": [
                  "0.0.0.0/0"
                ],
                "description": "Allow all outbound",
                "from_port": 0,
                "ipv6_cidr_blocks": [],
                "prefix_list_ids": [],
                "protocol": "-1",
                "security_groups": [],
                "self": false,
                "to_port": 0
              }
            ],
            "id": "sg-0254d6b622606dbc3",
            "ingress": [
              {
                "cidr_blocks": [
                  "0.0.0.0/0"
                ],
                "description": "Allow HTTP traffic",
                "from_port": 8080,
                "ipv6_cidr_blocks": [],
                "prefix_list_ids": [],
                "protocol": "tcp",
                "security_groups": [],
                "self": false,
                "to_port": 8080
              }
            ],
            "name": "CS6650HW6P2-sg",
            "name_prefix": "",
            "owner_id": "404133913564",
            "region": "us-west-2",
            "revoke_rules_on_delete": null,
            "tags": {},
            "tags_all": {},
            "timeouts": null,
            "vpc_id": "vpc-01ea2a004476fd099"
          },
          "sensitive_attributes": [],
          "identity_schema_version": 0,
          "private": "eyJlMmJmYjczMC1lY2FhLTExZTYtOGY4OC0zNDM2M2JjN2M0YzAiOnsiY3JlYXRlIjo2MDAwMDAwMDAwMDAsImRlbGV0ZSI6OTAwMDAwMDAwMDAwfSwic2NoZW1hX3ZlcnNpb24iOiIxIn0=",
          "dependencies": [
            "module.network.data.aws_vpc.default"
          ]
        }
      ]
    }
  ],
  "check_results": null
}
