{
  "version": 4,
  "terraform_version": "1.14.3",
  "serial": 17,
  "lineage": "017d5ac8-a6d7-8bb0-6ece-a6e98d0d0c64",
  "outputs": {
    "ecs_cluster_name": {
      "value": "CS6650HW6P2-cluster",
      "type": "string"
    },
    "ecs_service_name": {
      "value": "CS6650HW6P2",
      "type": "string"
    }
  },
  "resources": [
    {
      "mode": "data",
      "type": "aws_ecr_authorization_token",
      "name": "registry",
      "provider": "provider[\"registry.terraform.io/hashicorp/aws\"]",
      "instances": [
        {
          "schema_version": 0,
          "attributes": {
            "authorization_token": "QVdTOmV5SndZWGxzYjJGa0lqb2lWWEYzZWxWVWJYaHJaVUZxZFdaaU1VRjZPVmRSVEdwak1UZzFUSGxCZW1wU2NEUmxWVFJ4VGt4bVVqZDJSVFYxUVROVVp6UmtTVVJRY0hwNE1FTmhkbkJxTlZaelRsaFJSamhZY1hOeWNrdEpNME5zZVhrMFp6WnRZV3B2UjJKd05uQlFhemRSTkcxRVRGZ3pXamxIZGpGYVdVZGhVMFJPVGt0clkwdFVZMWswVWtkSGNuSnVZVk5YWjBKRVRWQnFUMlF4Wmtka05EaHNkblJuWVhReGFWWktaMkZ6VkVscFlWYzJkakZ1YXl0dGF6YzRSRzgwU25GdGJqRnJhbUZOYWpoc2FXYzFlVEZvUzNGNVJHSjFLemh6VHpoVFNFdFJhamxyZG5kdlZuWlZXVUp3TDI1UFZtcEdhbVZoV2tvclJ6WlljbXRzYVRWU1VGWnNVa295Y0hKRmNGVmxaMnB3VmtGRWIyOWFZMVZYU0ZwVVUxcG9TRkpDWTFOVVZHMXdWRGxyZDFObFJGaHpOM0pFUTB4bGFtNUNVM0ZEWjFOYWEzbDVSRGxqV2pCVlYzZHpRVFZDYjBOdFNsbEtabU5STmpVeE5HNUVUbmhKUWtkWWIyNDFhbG81WmpWU1UwWldVV3RIVERSU1EwVXhhSFZPVGxWemExbHFNMmRhWWpoMGVVMUtjMVZYZDB3dmNtZHJjMlpKVm5obmNuTlRZWEZ3ZVdoV00yOUtNVTFyVm5oWFRUWkJUMFYzWVVWc1FXUmFkakpWTm5VNWNUUnViREEwZWxGcVRubHdZV2xFU0ZJM2JqUmxORGMzYXpsb2J6VkxaVkI2WjNsYWVGRTBWakZzUlZnM2VYUTNRVkIxYTBZMlVqVjRaRFJsU1cxR1ltODNlRlUwTlVSVlRsbzBWQzlQYkVsTU4wMVNaWE12UTJ0QlVrTTFTRkJCZWpjeFRVSTRiVU0wYzJWc1ZrWm9UbUlyWkZsS1oxcG1TM1ZzUVRSVVUzTkVXU3RxYVdaclQyaHZRbTVwTTBwc1lrRXJVV3hxUm1WTllWQlVWR1p4Tm5Cd2NteE5ZbGRWTmpaNE5IaHRWV3hYUldwbE5VMVdObWxtVHpOd1NFVkJLMU5hUkVvMlJtODJiRVoyY0dSMGVqUlhNMVJhZGxOd1kxcGFkRlJWY205bFMycGtORzFxT0ZsMFdXNVhTVGcyUW1aUU1EQnFlSGgxZWxRclpEWklVRFptWWtkTFJrazRLMjAxU25KeVkweGpjazVEYlU1MGJFUjZMMkZpWkhSaGFVNXhjRkoyY0RNNVRXODJObkIyT0VwM0wxZGhTa3hxTWpSRmRuZE5Sa1pFVDA5dEt5dHJWV3BsYnk5RVZYWkdWV2hEUTFONVpXUkZka1pRTVZabE9HcGxRMjAyZVZCVFpVdFJUV1p4ZGtWM1lVVm1NMDV6ZUVZM2FrdENNMVZqYVZGdlVsb3Zaa1pTYm5rd05qbHhXbUZ2ZEROR2VtUjVTalJpTm5FelVreE9XVFZZYm1ZcmNTdEZXVXhpZUZwME4xaEVjbWM1TTJweE56TnpRMFY1VGpGcU1YWkpPRVJrTTJaVWFEVjRLMnRqUTNReU5VOXBlalJoU0hWSFozZHhhMnAzUjBKVVVGWTFkWEJMWkRaekx6WlJWM0ZNVmtKU1JVWTBjMjlhV0RGdlJWcG1RbUV4WkUxa1JXNWxNSFZITDFGMFNGRjRValZGY1ZCeFZHTmlZWEJFZDNjMWQwTnViVFl2ZEZwallXeERWRkZ2Tm1kNWFVZDVXazQzVkd4dWIwdFFOSEZ1Y2twd1dGVjNaV0lyUlhJelVtbE5WRms0ZW5wT2JEZHRZUzhyYmxsUlJGSkNLMjFxYUdWcllrcHRaRU5xVVhsMmJVTkhkSEZ5Uml0SVJHODBNREVyU1dwak5ISkJiRkV3Wnk5bVNsWm1lWFZhYTJweGNGVmFjbWxrVDFKWFZYbEdhSFJJWVV4d1NHcFZUbVZMWVVWdUwydDRWRTVhVEVaU1psWlRSazF4TTNkNGFGVnhVbUoxVW5sTWQxbzJaVFYzV0c1b2RITmlMMGRpUVdWMVMyaE9ZbTUxZGpnMk9YSmxkMmhKYWtJMk1XcHdSMVpOVEhGSWRUUTRja0ZRZDJkU2J6UnFZbkZsYmpONWEwUkRRV00yWWt3MWJUaERNakJaV2s1S1RtbGphV1puZHpOd2FXOXhTRlU1V1hGTU5qYzFkM012UmpWVmVGVlVXVXBFU1RCWkswZDJiMEZITlhoR1VucHJQU0lzSW1SaGRHRnJaWGtpT2lKQlVVVkNRVWhxTm14ak5GaEpTbmN2TjJ4dU1FaGpNREJFVFdWck5rZEZlRWhEWWxrMFVrbHdWRTFEU1RVNFNXNVZkMEZCUVVnMGQyWkJXVXBMYjFwSmFIWmpUa0ZSWTBkdlJ6aDNZbEZKUWtGRVFtOUNaMnR4YUd0cFJ6bDNNRUpDZDBWM1NHZFpTbGxKV2tsQlYxVkVRa0ZGZFUxQ1JVVkVSbUZuVVhoVFZGaDNNMUJyVjBGVVZVRkpRa1ZKUVRkR2QxbFlOMDlETVVweGEwMUdhbTlTT0dOSVpqSlRWVk42TTNOVmRuRXlSRU1yYlVReFJTOWlZMVpEV1ZGNVVFcFhZVXBOTVhORUwydGhUMkZIUVhGdE1tVmxVSEJCVDBsaFVDdEJLMFJCUFNJc0luWmxjbk5wYjI0aU9pSXlJaXdpZEhsd1pTSTZJa1JCVkVGZlMwVlpJaXdpWlhod2FYSmhkR2x2YmlJNk1UYzNNVGsxTWpZMk5YMD0=",
            "expires_at": "2026-02-24T17:04:25Z",
            "id": "us-west-2",
            "password": "eyJwYXlsb2FkIjoiVXF3elVUbXhrZUFqdWZiMUF6OVdRTGpjMTg1THlBempScDRlVTRxTkxmUjd2RTV1QTNUZzRkSURQcHp4MENhdnBqNVZzTlhRRjhYcXNycktJM0NseXk0ZzZtYWpvR2JwNnBQazdRNG1ETFgzWjlHdjFaWUdhU0ROTktrY0tUY1k0UkdHcnJuYVNXZ0JETVBqT2QxZkdkNDhsdnRnYXQxaVZKZ2FzVElpYVc2djFuayttazc4RG80SnFtbjFramFNajhsaWc1eTFoS3F5RGJ1KzhzTzhTSEtRajlrdndvVnZVWUJwL25PVmpGamVhWkorRzZYcmtsaTVSUFZsUkoycHJFcFVlZ2pwVkFEb29aY1VXSFpUU1poSFJCY1NUVG1wVDlrd1NlRFhzN3JEQ0xlam5CU3FDZ1Naa3l5RDljWjBVV3dzQTVCb0NtSllKZmNRNjUxNG5ETnhJQkdYb241alo5ZjVSU0ZWUWtHTDRSQ0UxaHVOTlVza1lqM2daYjh0eU1Kc1VXd0wvcmdrc2ZJVnhncnNTYXFweWhWM29KMU1rVnhXTTZBT0V3YUVsQWRadjJVNnU5cTRubDA0elFqTnlwYWlESFI3bjRlNDc3azlobzVLZVB6Z3laeFE0VjFsRVg3eXQ3QVB1a0Y2UjV4ZDRlSW1GYm83eFU0NURVTlo0VC9PbElMN01SZXMvQ2tBUkM1SFBBejcxTUI4bUM0c2VsVkZoTmIrZFlKZ1pmS3VsQTRUU3NEWStqaWZrT2hvQm5pM0psYkErUWxqRmVNYVBUVGZxNnBwcmxNYldVNjZ4NHhtVWxXRWplNU1WNmlmTzNwSEVBK1NaREo2Rm82bEZ2cGR0ejRXM1RadlNwY1padFRVcm9lS2pkNG1qOFl0WW5XSTg2QmZQMDBqeHh1elQrZDZIUDZmYkdLRkk4K201SnJyY0xjck5DbU50bER6L2FiZHRhaU5xcFJ2cDM5TW82NnB2OEp3L1dhSkxqMjRFdndNRkZET09tKytrVWplby9EVXZGVWhDQ1N5ZWRFdkZQMVZlOGplQ202eVBTZUtRTWZxdkV3YUVmM05zeEY3aktCM1VjaVFvUlovZkZSbnkwNjlxWmFvdDNGemR5SjRiNnEzUkxOWTVYbmYrcStFWUxieFp0N1hEcmc5M2pxNzNzQ0V5TjFqMXZJOERkM2ZUaDV4K2tjQ3QyNU9pejRhSHVHZ3dxa2p3R0JUUFY1dXBLZDZzLzZRV3FMVkJSRUY0c29aWDFvRVpmQmExZE1kRW5lMHVHL1F0SFF4UjVFcVBxVGNiYXBEd3c1d0NubTYvdFpjYWxDVFFvNmd5aUd5Wk43VGxub0tQNHFuckpwWFV3ZWIrRXIzUmlNVFk4enpObDdtYS8rbllRRFJCK21qaGVrYkptZENqUXl2bUNHdHFyRitIRG80MDErSWpjNHJBbFEwZy9mSlZmeXVaa2pxcFVacmlkT1JXVXlGaHRIYUxwSGpVTmVLYUVuL2t4VE5aTEZSZlZTRk1xM3d4aFVxUmJ1UnlMd1o2ZTV3WG5odHNiL0diQWV1S2hOYm51djg2OXJld2hJakI2MWpwR1ZNTHFIdTQ4ckFQd2dSbzRqYnFlbjN5a0RDQWM2Ykw1bThDMjBZWk5KTmljaWZndzNwaW9xSFU5WXFMNjc1d3MvRjVVeFVUWUpESTBZK0d2b0FHNXhGUnprPSIsImRhdGFrZXkiOiJBUUVCQUhqNmxjNFhJSncvN2xuMEhjMDBETWVrNkdFeEhDYlk0UklwVE1DSTU4SW5Vd0FBQUg0d2ZBWUpLb1pJaHZjTkFRY0dvRzh3YlFJQkFEQm9CZ2txaGtpRzl3MEJCd0V3SGdZSllJWklBV1VEQkFFdU1CRUVERmFnUXhTVFh3M1BrV0FUVUFJQkVJQTdGd1lYN09DMUpxa01Gam9SOGNIZjJTVVN6M3NVdnEyREMrbUQxRS9iY1ZDWVF5UEpXYUpNMXNEL2thT2FHQXFtMmVlUHBBT0lhUCtBK0RBPSIsInZlcnNpb24iOiIyIiwidHlwZSI6IkRBVEFfS0VZIiwiZXhwaXJhdGlvbiI6MTc3MTk1MjY2NX0=",
            "proxy_endpoint": "https://404133913564.dkr.ecr.us-west-2.amazonaws.com",
            "region": "us-west-2",
            "registry_id": null,
            "user_name": "AWS"
          },
          "sensitive_attributes": [
            [
              {
                "type": "get_attr",
                "value": "authorization_token"
              }
            ],
            [
              {
                "type": "get_attr",
                "value": "password"
              }
            ]
          ],
          "identity_schema_version": 0
        }
      ]
    },
    {
      "mode": "data",
      "type": "aws_iam_role",
      "name": "lab_role",
      "provider": "provider[\"registry.terraform.io/hashicorp/aws\"]",
      "instances": [
        {
          "schema_version": 0,
          "attributes": {
            "arn": "arn:aws:iam::404133913564:role/LabRole",
            "assume_role_policy": "{\"Version\":\"2012-10-17\",\"Statement\":[{\"Effect\":\"Allow\",\"Principal\":{\"AWS\":\"arn:aws:iam::404133913564:role/LabRole\",\"Service\":[\"cloudtrail.amazonaws.com\",\"ec2.amazonaws.com\",\"glue.amazonaws.com\",\"elasticfilesystem.amazonaws.com\",\"application-autoscaling.amazonaws.com\",\"iotevents.amazonaws.com\",\"codecommit.amazonaws.com\",\"elasticloadbalancing.amazonaws.com\",\"codedeploy.amazonaws.com\",\"eks.amazonaws.com\",\"logs.amazonaws.com\",\"rekognition.amazonaws.com\",\"sqs.amazonaws.com\",\"codewhisperer.amazonaws.com\",\"lambda.amazonaws.com\",\"athena.amazonaws.com\",\"backup.amazonaws.com\",\"pipes.amazonaws.com\",\"ecs-tasks.amazonaws.com\",\"forecast.amazonaws.com\",\"cloud9.amazonaws.com\",\"rds.amazonaws.com\",\"iot.amazonaws.com\",\"autoscaling.amazonaws.com\",\"resource-groups.amazonaws.com\",\"servicecatalog.amazonaws.com\",\"credentials.iot.amazonaws.com\",\"eks-fargate-pods.amazonaws.com\",\"s3.amazonaws.com\",\"apigateway.amazonaws.com\",\"states.amazonaws.com\",\"cognito-idp.amazonaws.com\",\"firehose.amazonaws.com\",\"deepracer.amazonaws.com\",\"batch.amazonaws.com\",\"scheduler.amazonaws.com\",\"elasticmapreduce.amazonaws.com\",\"cloudformation.amazonaws.com\",\"ec2.application-autoscaling.amazonaws.com\",\"elasticbeanstalk.amazonaws.com\",\"events.amazonaws.com\",\"redshift.amazonaws.com\",\"databrew.amazonaws.com\",\"ecs.amazonaws.com\",\"dynamodb.amazonaws.com\",\"secretsmanager.amazonaws.com\",\"kinesisanalytics.amazonaws.com\",\"iotanalytics.amazonaws.com\",\"sns.amazonaws.com\",\"kinesis.amazonaws.com\",\"sagemaker.amazonaws.com\",\"kms.amazonaws.com\",\"ssm.amazonaws.com\"]},\"Action\":\"sts:AssumeRole\"}]}",
            "create_date": "2026-01-17T02:51:12Z",
            "description": "",
            "id": "LabRole",
            "max_session_duration": 3600,
            "name": "LabRole",
            "path": "/",
            "permissions_boundary": "",
            "role_last_used": [
              {
                "last_used_date": "2026-02-24T04:40:01Z",
                "region": "us-west-2"
              }
            ],
            "tags": {
              "cloudlab": "c195402a5014886l13502299t1w404133913564"
            },
            "unique_id": "AROAV4GCCEPOFJMJRVA4E"
          },
          "sensitive_attributes": [],
          "identity_schema_version": 0
        }
      ]
    },
    {
      "mode": "managed",
      "type": "docker_image",
      "name": "app",
      "provider": "provider[\"registry.terraform.io/kreuzwerker/docker\"]",
      "instances": [
        {
          "schema_version": 0,
          "attributes": {
            "build": [
              {
                "auth_config": [],
                "build_args": {},
                "build_id": "",
                "build_log_file": "",
                "builder": "",
                "cache_from": [],
                "cgroup_parent": "",
                "context": "../src",
                "cpu_period": 0,
                "cpu_quota": 0,
                "cpu_set_cpus": "",
                "cpu_set_mems": "",
                "cpu_shares": 0,
                "dockerfile": "Dockerfile",
                "extra_hosts": [],
                "force_remove": false,
                "isolation": "",
                "label": {},
                "labels": {},
                "memory": 0,
                "memory_swap": 0,
                "network_mode": "",
                "no_cache": false,
                "platform": "linux/amd64",
                "pull_parent": false,
                "remote_context": "",
                "remove": true,
                "secrets": [],
                "security_opt": [],
                "session_id": "",
                "shm_size": 0,
                "squash": false,
                "suppress_output": false,
                "tag": [],
                "target": "",
                "ulimit": [],
                "version": ""
              }
            ],
            "force_remove": null,
            "id": "sha256:dc8bbe4675e5baf58e398e6ef2d3512f4efd6b5dc4100b3cee92dee750fdc898404133913564.dkr.ecr.us-west-2.amazonaws.com/ecr-hw6-search:latest",
            "image_id": "sha256:dc8bbe4675e5baf58e398e6ef2d3512f4efd6b5dc4100b3cee92dee750fdc898",
            "keep_locally": null,
            "name": "404133913564.dkr.ecr.us-west-2.amazonaws.com/ecr-hw6-search:latest",
            "platform": null,
            "pull_triggers": null,
            "repo_digest": "404133913564.dkr.ecr.us-west-2.amazonaws.com/ecr-hw6-search@sha256:dc8bbe4675e5baf58e398e6ef2d3512f4efd6b5dc4100b3cee92dee750fdc898",
            "timeouts": null,
            "triggers": null
          },
          "sensitive_attributes": [],
          "identity_schema_version": 0,
          "private": "eyJlMmJmYjczMC1lY2FhLTExZTYtOGY4OC0zNDM2M2JjN2M0YzAiOnsiY3JlYXRlIjoxMjAwMDAwMDAwMDAwLCJkZWxldGUiOjEyMDAwMDAwMDAwMDAsInVwZGF0ZSI6MTIwMDAwMDAwMDAwMH19",
          "dependencies": [
            "data.aws_ecr_authorization_token.registry",
            "module.ecr.aws_ecr_repository.this"
          ]
        }
      ]
    },
    {
      "mode": "managed",
      "type": "docker_registry_image",
      "name": "app",
      "provider": "provider[\"registry.terraform.io/kreuzwerker/docker\"]",
      "instances": [
        {
          "schema_version": 0,
          "attributes": {
            "auth_config": [],
            "id": "sha256:3380ba8614ac71226a1eea6c0462db76ed73e72433120863ccd9728eed8b05b0",
            "insecure_skip_verify": false,
            "keep_remotely": false,
            "name": "404133913564.dkr.ecr.us-west-2.amazonaws.com/ecr-hw6-search:latest",
            "sha256_digest": "sha256:dc8bbe4675e5baf58e398e6ef2d3512f4efd6b5dc4100b3cee92dee750fdc898",
            "triggers": null
          },
          "sensitive_attributes": [],
          "identity_schema_version": 0,
          "private": "bnVsbA==",
          "dependencies": [
            "data.aws_ecr_authorization_token.registry",
            "docker_image.app",
            "module.ecr.aws_ecr_repository.this"
          ]
        }
      ]
    },
    {
      "module": "module.ecr",
      "mode": "managed",
      "type": "aws_ecr_repository",
      "name": "this",
      "provider": "provider[\"registry.terraform.io/hashicorp/aws\"]",
      "instances": [
        {
          "schema_version": 0,
          "attributes": {
            "arn": "arn:aws:ecr:us-west-2:404133913564:repository/ecr-hw6-search",
            "encryption_configuration": [
              {
                "encryption_type": "AES256",
                "kms_key": ""
              }
            ],
            "force_delete": null,
            "id": "ecr-hw6-search",
            "image_scanning_configuration": [
              {
                "scan_on_push": false
              }
            ],
            "image_tag_mutability": "MUTABLE",
            "name": "ecr-hw6-search",
            "region": "us-west-2",
            "registry_id": "404133913564",
            "repository_url": "404133913564.dkr.ecr.us-west-2.amazonaws.com/ecr-hw6-search",
            "tags": {},
            "tags_all": {},
            "timeouts": null
          },
          "sensitive_attributes": [],
          "identity_schema_version": 0,
          "private": "eyJlMmJmYjczMC1lY2FhLTExZTYtOGY4OC0zNDM2M2JjN2M0YzAiOnsiZGVsZXRlIjoxMjAwMDAwMDAwMDAwfSwic2NoZW1hX3ZlcnNpb24iOiIwIn0="
        }
      ]
    },
    {
      "module": "module.ecs",
      "mode": "managed",
      "type": "aws_ecs_cluster",
      "name": "this",
      "provider": "provider[\"registry.terraform.io/hashicorp/aws\"]",
      "instances": [
        {
          "schema_version": 0,
          "attributes": {
            "arn": "arn:aws:ecs:us-west-2:404133913564:cluster/CS6650HW6P2-cluster",
            "configuration": [],
            "id": "arn:aws:ecs:us-west-2:404133913564:cluster/CS6650HW6P2-cluster",
            "name": "CS6650HW6P2-cluster",
            "region": "us-west-2",
            "service_connect_defaults": [],
            "setting": [
              {
                "name": "containerInsights",
                "value": "enabled"
              }
            ],
            "tags": {},
            "tags_all": {}
          },
          "sensitive_attributes": [],
          "identity_schema_version": 0,
          "private": "bnVsbA=="
        }
      ]
    },
    {
      "module": "module.ecs",
      "mode": "managed",
      "type": "aws_ecs_service",
      "name": "this",
      "provider": "provider[\"registry.terraform.io/hashicorp/aws\"]",
      "instances": [
        {
          "schema_version": 1,
          "attributes": {
            "alarms": [],
            "arn": "arn:aws:ecs:us-west-2:404133913564:service/CS6650HW6P2-cluster/CS6650HW6P2",
            "availability_zone_rebalancing": "DISABLED",
            "capacity_provider_strategy": [],
            "cluster": "arn:aws:ecs:us-west-2:404133913564:cluster/CS6650HW6P2-cluster",
            "deployment_circuit_breaker": [
              {
                "enable": false,
                "rollback": false
              }
            ],
            "deployment_configuration": [],
            "deployment_controller": [
              {
                "type": "ECS"
              }
            ],
            "deployment_maximum_percent": 200,
            "deployment_minimum_healthy_percent": 100,
            "desired_count": 1,
            "enable_ecs_managed_tags": false,
            "enable_execute_command": false,
            "force_delete": null,
            "force_new_deployment": null,
            "health_check_grace_period_seconds": 0,
            "iam_role": "/aws-service-role/ecs.amazonaws.com/AWSServiceRoleForECS",
            "id": "arn:aws:ecs:us-west-2:404133913564:service/CS6650HW6P2-cluster/CS6650HW6P2",
            "launch_type": "FARGATE",
            "load_balancer": [],
            "name": "CS6650HW6P2",
            "network_configuration": [
              {
                "assign_public_ip": true,
                "security_groups": [
                  "sg-0254d6b622606dbc3"
                ],
                "subnets": [
                  "subnet-054d4eade6c4e1a9a",
                  "subnet-061e560b9f10e080a",
                  "subnet-08e10b782c96f4e06",
                  "subnet-0fa244ba0fd3183a8"
                ]
              }
            ],
            "ordered_placement_strategy": [],
            "placement_constraints": [],
            "platform_version": "LATEST",
            "propagate_tags": "NONE",
            "region": "us-west-2",
            "scheduling_strategy": "REPLICA",
            "service_connect_configuration": [],
            "service_registries": [],
            "tags": {},
            "tags_all": {},
            "task_definition": "arn:aws:ecs:us-west-2:404133913564:task-definition/CS6650HW6P2-task:2",
            "timeouts": null,
            "triggers": {},
            "volume_configuration": [],
            "vpc_lattice_configurations": [],
            "wait_for_steady_state": false
          },
          "sensitive_attributes": [],
          "identity_schema_version": 0,
          "private": "eyJlMmJmYjczMC1lY2FhLTExZTYtOGY4OC0zNDM2M2JjN2M0YzAiOnsiY3JlYXRlIjoxMjAwMDAwMDAwMDAwLCJkZWxldGUiOjEyMDAwMDAwMDAwMDAsInVwZGF0ZSI6MTIwMDAwMDAwMDAwMH0sInNjaGVtYV92ZXJzaW9uIjoiMSJ9",
          "dependencies": [
            "data.aws_iam_role.lab_role",
            "module.ecr.aws_ecr_repository.this",
            "module.ecs.aws_ecs_cluster.this",
            "module.ecs.aws_ecs_task_definition.this",
            "module.logging.aws_cloudwatch_log_group.this",
            "module.network.aws_security_group.this",
            "module.network.data.aws_subnets.default",
            "module.network.data.aws_vpc.default"
          ]
        }
      ]
    },
    {
      "module": "module.ecs",
      "mode": "managed",
      "type": "aws_ecs_task_definition",
      "name": "this",
      "provider": "provider[\"registry.terraform.io/hashicorp/aws\"]",
      "instances": [
        {
          "schema_version": 1,
          "attributes": {
            "arn": "arn:aws:ecs:us-west-2:404133913564:task-definition/CS6650HW6P2-task:2",
            "arn_without_revision": "arn:aws:ecs:us-west-2:404133913564:task-definition/CS6650HW6P2-task",
            "container_definitions": "[{\"environment\":[],\"essential\":true,\"image\":\"404133913564.dkr.ecr.us-west-2.amazonaws.com/ecr-hw6-search:latest\",\"logConfiguration\":{\"logDriver\":\"awslogs\",\"options\":{\"awslogs-region\":\"us-west-2\",\"awslogs-stream-prefix\":\"ecs\",\"awslogs-group\":\"/ecs/CS6650HW6P2\"}},\"mountPoints\":[],\"name\":\"CS6650HW6P2-container\",\"portMappings\":[{\"containerPort\":8080,\"hostPort\":8080,\"protocol\":\"tcp\"}],\"systemControls\":[],\"volumesFrom\":[]}]",
            "cpu": "256",
            "enable_fault_injection": false,
            "ephemeral_storage": [],
            "execution_role_arn": "arn:aws:iam::404133913564:role/LabRole",
            "family": "CS6650HW6P2-task",
            "id": "CS6650HW6P2-task",
            "ipc_mode": "",
            "memory": "512",
            "network_mode": "awsvpc",
            "pid_mode": "",
            "placement_constraints": [],
            "proxy_configuration": [],
            "region": "us-west-2",
            "requires_compatibilities": [
              "FARGATE"
            ],
            "revision": 2,
            "runtime_platform": [],
            "skip_destroy": false,
            "tags": {},
            "tags_all": {},
            "task_role_arn": "arn:aws:iam::404133913564:role/LabRole",
            "track_latest": false,
            "volume": []
          },
          "sensitive_attributes": [],
          "identity_schema_version": 0,
          "private": "eyJzY2hlbWFfdmVyc2lvbiI6IjEifQ==",
          "dependencies": [
            "data.aws_iam_role.lab_role",
            "module.ecr.aws_ecr_repository.this",
            "module.logging.aws_cloudwatch_log_group.this"
          ]
        }
      ]
    },
    {
      "module": "module.logging",
      "mode": "managed",
      "type": "aws_cloudwatch_log_group",
      "name": "this",
      "provider": "provider[\"registry.terraform.io/hashicorp/aws\"]",
      "instances": [
        {
          "schema_version": 0,
          "attributes": {
            "arn": "arn:aws:logs:us-west-2:404133913564:log-group:/ecs/CS6650HW6P2",
            "id": "/ecs/CS6650HW6P2",
            "kms_key_id": "",
            "log_group_class": "STANDARD",
            "name": "/ecs/CS6650HW6P2",
            "name_prefix": "",
            "region": "us-west-2",
            "retention_in_days": 7,
            "skip_destroy": false,
            "tags": {},
            "tags_all": {}
          },
          "sensitive_attributes": [],
          "identity_schema_version": 0,
          "private": "eyJzY2hlbWFfdmVyc2lvbiI6IjAifQ=="
        }
      ]
    },
    {
      "module": "module.network",
      "mode": "data",
      "type": "aws_subnets",
      "name": "default",
      "provider": "provider[\"registry.terraform.io/hashicorp/aws\"]",
      "instances": [
        {
          "schema_version": 0,
          "attributes": {
            "filter": [
              {
                "name": "vpc-id",
                "values": [
                  "vpc-01ea2a004476fd099"
                ]
              }
            ],
            "id": "us-west-2",
            "ids": [
              "subnet-054d4eade6c4e1a9a",
              "subnet-08e10b782c96f4e06",
              "subnet-0fa244ba0fd3183a8",
              "subnet-061e560b9f10e080a"
            ],
            "region": "us-west-2",
            "tags": null,
            "timeouts": null
          },
          "sensitive_attributes": [],
          "identity_schema_version": 0
        }
      ]
    },
    {
      "module": "module.network",
      "mode": "data",
      "type": "aws_vpc",
      "name": "default",
      "provider": "provider[\"registry.terraform.io/hashicorp/aws\"]",
      "instances": [
        {
          "schema_version": 0,
          "attributes": {
            "arn": "arn:aws:ec2:us-west-2:404133913564:vpc/vpc-01ea2a004476fd099",
            "cidr_block": "172.31.0.0/16",
            "cidr_block_associations": [
              {
                "association_id": "vpc-cidr-assoc-061ca8fd8f664d777",
                "cidr_block": "172.31.0.0/16",
                "state": "associated"
              }
            ],
            "default": true,
            "dhcp_options_id": "dopt-0c7d1c551d7f4c929",
            "enable_dns_hostnames": true,
            "enable_dns_support": true,
            "enable_network_address_usage_metrics": false,
            "filter": null,
            "id": "vpc-01ea2a004476fd099",
            "instance_tenancy": "default",
            "ipv6_association_id": "",
            "ipv6_cidr_block": "",
            "main_route_table_id": "rtb-02be0b697a60d3d4a",
            "owner_id": "404133913564",
            "region": "us-west-2",
            "state": null,
            "tags": {},
            "timeouts": null
          },
          "sensitive_attributes": [],
          "identity_schema_version": 0
        }
      ]
    },
    {
      "module": "module.network",
      "mode": "managed",
      "type": "aws_security_group",
      "name": "this",
      "provider": "provider[\"registry.terraform.io/hashicorp/aws\"]",
      "instances": [
        {
          "schema_version": 1,
          "attributes": {
            "arn": "arn:aws:ec2:us-west-2:404133913564:security-group/sg-0254d6b622606dbc3",
            "description": "Allow inbound on 8080",
            "egress": [
              {
                "cidr_blocks": [
                  "0.0.0.0/0"
                ],
                "description": "Allow all outbound",
                "from_port": 0,
                "ipv6_cidr_blocks": [],
                "prefix_list_ids": [],
                "protocol": "-1",
                "security_groups": [],
                "self": false,
                "to_port": 0
              }
            ],
            "id": "sg-0254d6b622606dbc3",
            "ingress": [
              {
                "cidr_blocks": [
                  "0.0.0.0/0"
                ],
                "description": "Allow HTTP traffic",
                "from_port": 8080,
                "ipv6_cidr_blocks": [],
                "prefix_list_ids": [],
                "protocol": "tcp",
                "security_groups": [],
                "self": false,
                "to_port": 8080
              }
            ],
            "name": "CS6650HW6P2-sg",
            "name_prefix": "",
            "owner_id": "404133913564",
            "region": "us-west-2",
            "revoke_rules_on_delete": null,
            "tags": {},
            "tags_all": {},
            "timeouts": null,
            "vpc_id": "vpc-01ea2a004476fd099"
          },
          "sensitive_attributes": [],
          "identity_schema_version": 0,
          "private": "eyJlMmJmYjczMC1lY2FhLTExZTYtOGY4OC0zNDM2M2JjN2M0YzAiOnsiY3JlYXRlIjo2MDAwMDAwMDAwMDAsImRlbGV0ZSI6OTAwMDAwMDAwMDAwfSwic2NoZW1hX3ZlcnNpb24iOiIxIn0=",
          "dependencies": [
            "module.network.data.aws_vpc.default"
          ]
        }
      ]
    }
  ],
  "check_results": null
}
